Microsoft Visual Studio Solution File, Format Version 12.00
# Visual Studio Version 17
VisualStudioVersion = 17.5.2.0
MinimumVisualStudioVersion = 10.0.40219.1
Project("{FAE04EC0-301F-11D3-BF4B-00C04F79EFBC}") = "GlobalLibrary", "GlobalLibrary.csproj", "{2EFCB23C-0FEB-70BB-C52C-73F815376CD7}"
EndProject
Global
	GlobalSection(SolutionConfigurationPlatforms) = preSolution
		Debug|Any CPU = Debug|Any CPU
		Release|Any CPU = Release|Any CPU
	EndGlobalSection
	GlobalSection(ProjectConfigurationPlatforms) = postSolution
		{2EFCB23C-0FEB-70BB-C52C-73F815376CD7}.Debug|Any CPU.ActiveCfg = Debug|Any CPU
		{2EFCB23C-0FEB-70BB-C52C-73F815376CD7}.Debug|Any CPU.Build.0 = Debug|Any CPU
		{2EFCB23C-0FEB-70BB-C52C-73F815376CD7}.Release|Any CPU.ActiveCfg = Release|Any CPU
		{2EFCB23C-0FEB-70BB-C52C-73F815376CD7}.Release|Any CPU.Build.0 = Release|Any CPU
	EndGlobalSection
	GlobalSection(SolutionProperties) = preSolution
		HideSolutionNode = FALSE
	EndGlobalSection
	GlobalSection(ExtensibilityGlobals) = postSolution
		SolutionGuid = {BB2B93DB-3DBF-4C3A-A1F8-031C0E089973}
	EndGlobalSection
EndGlobal
